
Microsoft Visual Studio Solution File, Format Version 12.00
# Visual Studio 2012
Project("{FAE04EC0-301F-11D3-BF4B-00C04F79EFBC}") = "SyllabusPlusSchedulerService", "SyllabusPlusSchedulerService\SyllabusPlusSchedulerService.csproj", "{F5DE558D-6739-4A2B-84DB-20504351404A}"
EndProject
Project("{930C7802-8A8C-48F9-8165-68863BCCD9DD}") = "SyllabusPlusSchedulerServiceInstaller", "SyllabusPlusSchedulerServiceInstaller\SyllabusPlusSchedulerServiceInstaller.wixproj", "{D26E6CA2-E320-40DA-977E-7C5015F673AE}"
	ProjectSection(ProjectDependencies) = postProject
		{F5DE558D-6739-4A2B-84DB-20504351404A} = {F5DE558D-6739-4A2B-84DB-20504351404A}
	EndProjectSection
EndProject
Global
	GlobalSection(SolutionConfigurationPlatforms) = preSolution
		CD_ROM|Any CPU = CD_ROM|Any CPU
		CD_ROM|Mixed Platforms = CD_ROM|Mixed Platforms
		CD_ROM|x86 = CD_ROM|x86
		Debug|Any CPU = Debug|Any CPU
		Debug|Mixed Platforms = Debug|Mixed Platforms
		Debug|x86 = Debug|x86
		DVD-5|Any CPU = DVD-5|Any CPU
		DVD-5|Mixed Platforms = DVD-5|Mixed Platforms
		DVD-5|x86 = DVD-5|x86
		Release|Any CPU = Release|Any CPU
		Release|Mixed Platforms = Release|Mixed Platforms
		Release|x86 = Release|x86
		SingleImage|Any CPU = SingleImage|Any CPU
		SingleImage|Mixed Platforms = SingleImage|Mixed Platforms
		SingleImage|x86 = SingleImage|x86
	EndGlobalSection
	GlobalSection(ProjectConfigurationPlatforms) = postSolution
		{F5DE558D-6739-4A2B-84DB-20504351404A}.CD_ROM|Any CPU.ActiveCfg = Release|Any CPU
		{F5DE558D-6739-4A2B-84DB-20504351404A}.CD_ROM|Any CPU.Build.0 = Release|Any CPU
		{F5DE558D-6739-4A2B-84DB-20504351404A}.CD_ROM|Mixed Platforms.ActiveCfg = Release|x86
		{F5DE558D-6739-4A2B-84DB-20504351404A}.CD_ROM|Mixed Platforms.Build.0 = Release|x86
		{F5DE558D-6739-4A2B-84DB-20504351404A}.CD_ROM|x86.ActiveCfg = Release|x86
		{F5DE558D-6739-4A2B-84DB-20504351404A}.CD_ROM|x86.Build.0 = Release|x86
		{F5DE558D-6739-4A2B-84DB-20504351404A}.Debug|Any CPU.ActiveCfg = Debug|Any CPU
		{F5DE558D-6739-4A2B-84DB-20504351404A}.Debug|Any CPU.Build.0 = Debug|Any CPU
		{F5DE558D-6739-4A2B-84DB-20504351404A}.Debug|Mixed Platforms.ActiveCfg = Debug|x86
		{F5DE558D-6739-4A2B-84DB-20504351404A}.Debug|Mixed Platforms.Build.0 = Debug|x86
		{F5DE558D-6739-4A2B-84DB-20504351404A}.Debug|x86.ActiveCfg = Debug|x86
		{F5DE558D-6739-4A2B-84DB-20504351404A}.Debug|x86.Build.0 = Debug|x86
		{F5DE558D-6739-4A2B-84DB-20504351404A}.DVD-5|Any CPU.ActiveCfg = Debug|Any CPU
		{F5DE558D-6739-4A2B-84DB-20504351404A}.DVD-5|Any CPU.Build.0 = Debug|Any CPU
		{F5DE558D-6739-4A2B-84DB-20504351404A}.DVD-5|Mixed Platforms.ActiveCfg = Debug|x86
		{F5DE558D-6739-4A2B-84DB-20504351404A}.DVD-5|Mixed Platforms.Build.0 = Debug|x86
		{F5DE558D-6739-4A2B-84DB-20504351404A}.DVD-5|x86.ActiveCfg = Debug|x86
		{F5DE558D-6739-4A2B-84DB-20504351404A}.DVD-5|x86.Build.0 = Debug|x86
		{F5DE558D-6739-4A2B-84DB-20504351404A}.Release|Any CPU.ActiveCfg = Release|Any CPU
		{F5DE558D-6739-4A2B-84DB-20504351404A}.Release|Any CPU.Build.0 = Release|Any CPU
		{F5DE558D-6739-4A2B-84DB-20504351404A}.Release|Mixed Platforms.ActiveCfg = Release|x86
		{F5DE558D-6739-4A2B-84DB-20504351404A}.Release|Mixed Platforms.Build.0 = Release|x86
		{F5DE558D-6739-4A2B-84DB-20504351404A}.Release|x86.ActiveCfg = Release|x86
		{F5DE558D-6739-4A2B-84DB-20504351404A}.Release|x86.Build.0 = Release|x86
		{F5DE558D-6739-4A2B-84DB-20504351404A}.SingleImage|Any CPU.ActiveCfg = Release|Any CPU
		{F5DE558D-6739-4A2B-84DB-20504351404A}.SingleImage|Any CPU.Build.0 = Release|Any CPU
		{F5DE558D-6739-4A2B-84DB-20504351404A}.SingleImage|Mixed Platforms.ActiveCfg = Release|x86
		{F5DE558D-6739-4A2B-84DB-20504351404A}.SingleImage|Mixed Platforms.Build.0 = Release|x86
		{F5DE558D-6739-4A2B-84DB-20504351404A}.SingleImage|x86.ActiveCfg = Release|x86
		{F5DE558D-6739-4A2B-84DB-20504351404A}.SingleImage|x86.Build.0 = Release|x86
		{D26E6CA2-E320-40DA-977E-7C5015F673AE}.CD_ROM|Any CPU.ActiveCfg = Release|x86
		{D26E6CA2-E320-40DA-977E-7C5015F673AE}.CD_ROM|Mixed Platforms.ActiveCfg = Release|x86
		{D26E6CA2-E320-40DA-977E-7C5015F673AE}.CD_ROM|Mixed Platforms.Build.0 = Release|x86
		{D26E6CA2-E320-40DA-977E-7C5015F673AE}.CD_ROM|x86.ActiveCfg = Release|x86
		{D26E6CA2-E320-40DA-977E-7C5015F673AE}.CD_ROM|x86.Build.0 = Release|x86
		{D26E6CA2-E320-40DA-977E-7C5015F673AE}.Debug|Any CPU.ActiveCfg = Debug|x86
		{D26E6CA2-E320-40DA-977E-7C5015F673AE}.Debug|Any CPU.Build.0 = Debug|x86
		{D26E6CA2-E320-40DA-977E-7C5015F673AE}.Debug|Mixed Platforms.ActiveCfg = Debug|x86
		{D26E6CA2-E320-40DA-977E-7C5015F673AE}.Debug|Mixed Platforms.Build.0 = Debug|x86
		{D26E6CA2-E320-40DA-977E-7C5015F673AE}.Debug|x86.ActiveCfg = Debug|x86
		{D26E6CA2-E320-40DA-977E-7C5015F673AE}.Debug|x86.Build.0 = Debug|x86
		{D26E6CA2-E320-40DA-977E-7C5015F673AE}.DVD-5|Any CPU.ActiveCfg = Debug|x86
		{D26E6CA2-E320-40DA-977E-7C5015F673AE}.DVD-5|Mixed Platforms.ActiveCfg = Debug|x86
		{D26E6CA2-E320-40DA-977E-7C5015F673AE}.DVD-5|Mixed Platforms.Build.0 = Debug|x86
		{D26E6CA2-E320-40DA-977E-7C5015F673AE}.DVD-5|x86.ActiveCfg = Debug|x86
		{D26E6CA2-E320-40DA-977E-7C5015F673AE}.DVD-5|x86.Build.0 = Debug|x86
		{D26E6CA2-E320-40DA-977E-7C5015F673AE}.Release|Any CPU.ActiveCfg = Release|x86
		{D26E6CA2-E320-40DA-977E-7C5015F673AE}.Release|Any CPU.Build.0 = Release|x86
		{D26E6CA2-E320-40DA-977E-7C5015F673AE}.Release|Mixed Platforms.ActiveCfg = Release|x86
		{D26E6CA2-E320-40DA-977E-7C5015F673AE}.Release|Mixed Platforms.Build.0 = Release|x86
		{D26E6CA2-E320-40DA-977E-7C5015F673AE}.Release|x86.ActiveCfg = Release|x86
		{D26E6CA2-E320-40DA-977E-7C5015F673AE}.Release|x86.Build.0 = Release|x86
		{D26E6CA2-E320-40DA-977E-7C5015F673AE}.SingleImage|Any CPU.ActiveCfg = Release|x86
		{D26E6CA2-E320-40DA-977E-7C5015F673AE}.SingleImage|Mixed Platforms.ActiveCfg = Release|x86
		{D26E6CA2-E320-40DA-977E-7C5015F673AE}.SingleImage|Mixed Platforms.Build.0 = Release|x86
		{D26E6CA2-E320-40DA-977E-7C5015F673AE}.SingleImage|x86.ActiveCfg = Release|x86
		{D26E6CA2-E320-40DA-977E-7C5015F673AE}.SingleImage|x86.Build.0 = Release|x86
	EndGlobalSection
	GlobalSection(SolutionProperties) = preSolution
		HideSolutionNode = FALSE
	EndGlobalSection
EndGlobal
